
Microsoft Visual Studio Solution File, Format Version 12.00
# Visual Studio Version 16
VisualStudioVersion = 25.0.1706.5
MinimumVisualStudioVersion = 10.0.40219.1
Project("{FAE04EC0-301F-11D3-BF4B-00C04F79EFBC}") = "CoreAPIQPro", "CoreAPIQPro\CoreAPIQPro.csproj", "{1ACF1E62-8155-4E94-8BE0-5227EFF990C6}"
EndProject
Global
	GlobalSection(SolutionConfigurationPlatforms) = preSolution
		Debug|Any CPU = Debug|Any CPU
		Release|Any CPU = Release|Any CPU
	EndGlobalSection
	GlobalSection(ProjectConfigurationPlatforms) = postSolution
		{1ACF1E62-8155-4E94-8BE0-5227EFF990C6}.Debug|Any CPU.ActiveCfg = Debug|Any CPU
		{1ACF1E62-8155-4E94-8BE0-5227EFF990C6}.Debug|Any CPU.Build.0 = Debug|Any CPU
		{1ACF1E62-8155-4E94-8BE0-5227EFF990C6}.Release|Any CPU.ActiveCfg = Release|Any CPU
		{1ACF1E62-8155-4E94-8BE0-5227EFF990C6}.Release|Any CPU.Build.0 = Release|Any CPU
	EndGlobalSection
	GlobalSection(SolutionProperties) = preSolution
		HideSolutionNode = FALSE
	EndGlobalSection
	GlobalSection(ExtensibilityGlobals) = postSolution
		SolutionGuid = {D98B5E44-8856-478D-9BCA-F144C56D1BE5}
	EndGlobalSection
EndGlobal
